
Microsoft Visual Studio Solution File, Format Version 12.00
# Visual Studio 14
VisualStudioVersion = 14.0.23107.0
MinimumVisualStudioVersion = 10.0.40219.1
Project("{8BC9CEB8-8B4A-11D0-8D11-00A0C91BC942}") = "ArmyAntEngine_start", "vc2015_projects\ArmyAntEngine_start.vcxproj", "{70172894-8B9F-4C14-86FE-EE0786C6DD79}"
	ProjectSection(ProjectDependencies) = postProject
		{A83F0D5E-EB35-4196-9803-E7E9B730291F} = {A83F0D5E-EB35-4196-9803-E7E9B730291F}
	EndProjectSection
EndProject
Project("{8BC9CEB8-8B4A-11D0-8D11-00A0C91BC942}") = "DirectX_11_3_Used", "vc2015_projects\DirectX_11_3_Used.vcxproj", "{A83F0D5E-EB35-4196-9803-E7E9B730291F}"
EndProject
Global
	GlobalSection(SolutionConfigurationPlatforms) = preSolution
		Debug|x86 = Debug|x86
		Release|x86 = Release|x86
	EndGlobalSection
	GlobalSection(ProjectConfigurationPlatforms) = postSolution
		{70172894-8B9F-4C14-86FE-EE0786C6DD79}.Debug|x86.ActiveCfg = Debug|Win32
		{70172894-8B9F-4C14-86FE-EE0786C6DD79}.Debug|x86.Build.0 = Debug|Win32
		{70172894-8B9F-4C14-86FE-EE0786C6DD79}.Release|x86.ActiveCfg = Release|Win32
		{70172894-8B9F-4C14-86FE-EE0786C6DD79}.Release|x86.Build.0 = Release|Win32
		{A83F0D5E-EB35-4196-9803-E7E9B730291F}.Debug|x86.ActiveCfg = Debug|Win32
		{A83F0D5E-EB35-4196-9803-E7E9B730291F}.Debug|x86.Build.0 = Debug|Win32
		{A83F0D5E-EB35-4196-9803-E7E9B730291F}.Release|x86.ActiveCfg = Release|Win32
		{A83F0D5E-EB35-4196-9803-E7E9B730291F}.Release|x86.Build.0 = Release|Win32
	EndGlobalSection
	GlobalSection(SolutionProperties) = preSolution
		HideSolutionNode = FALSE
	EndGlobalSection
EndGlobal
